github.com/anaminus/parse v0.2.0 h1:a8IEzp/INmUHVfZp4zaeggLvgqIjHrBFrBhkM/qdKUM=
github.com/anaminus/parse v0.2.0/go.mod h1:5EP2T2CqY4EDBxl2S/qhFSSb2VjW+iIqG+8Scy3mZN8=
github.com/bkaradzic/go-lz4 v1.0.0 h1:RXc4wYsyz985CkXXeX04y4VnZFGG8Rd43pRaHsOXAKk=
github.com/bkaradzic/go-lz4 v1.0.0/go.mod h1:0YdlkowM3VswSROI7qDxhRvJ3sLhlFrRRwjwegp5jy4=
